// !$*UTF8*$!
{
	archiveVersion = 1;
	classes = {
	};
	objectVersion = 56;
	objects = {

/* Begin PBXBuildFile section */
		D72D5A7329A3F86E00F5079F /* UIApplication.swift in Sources */ = {isa = PBXBuildFile; fileRef = D72D5A7229A3F86E00F5079F /* UIApplication.swift */; };
		D77669A129A3D8B2006199D0 /* CoinImageView.swift in Sources */ = {isa = PBXBuildFile; fileRef = D77669A029A3D8B2006199D0 /* CoinImageView.swift */; };
		D77669A329A3D9F1006199D0 /* CoinImageService.swift in Sources */ = {isa = PBXBuildFile; fileRef = D77669A229A3D9F1006199D0 /* CoinImageService.swift */; };
		D77669A529A3DB5A006199D0 /* CoinImageViewModel.swift in Sources */ = {isa = PBXBuildFile; fileRef = D77669A429A3DB5A006199D0 /* CoinImageViewModel.swift */; };
		D77669A729A3E00B006199D0 /* LocalFileManager.swift in Sources */ = {isa = PBXBuildFile; fileRef = D77669A629A3E00B006199D0 /* LocalFileManager.swift */; };
		D7B9AB6F29A3E84A00299635 /* SearchBarView.swift in Sources */ = {isa = PBXBuildFile; fileRef = D7B9AB6E29A3E84A00299635 /* SearchBarView.swift */; };
		D7DD85FD299FF1B900C57A9C /* HomeViewModel.swift in Sources */ = {isa = PBXBuildFile; fileRef = D7DD85FC299FF1B900C57A9C /* HomeViewModel.swift */; };
		D7DD8600299FF82600C57A9C /* CoinDataService.swift in Sources */ = {isa = PBXBuildFile; fileRef = D7DD85FF299FF82600C57A9C /* CoinDataService.swift */; };
		D7DD860329A000B600C57A9C /* NetworkingManager.swift in Sources */ = {isa = PBXBuildFile; fileRef = D7DD860229A000B600C57A9C /* NetworkingManager.swift */; };
		D7F96457299E941F005B0E5F /* SwiftUICryptoApp.swift in Sources */ = {isa = PBXBuildFile; fileRef = D7F96456299E941F005B0E5F /* SwiftUICryptoApp.swift */; };
		D7F96459299E941F005B0E5F /* ContentView.swift in Sources */ = {isa = PBXBuildFile; fileRef = D7F96458299E941F005B0E5F /* ContentView.swift */; };
		D7F9645B299E9420005B0E5F /* Assets.xcassets in Resources */ = {isa = PBXBuildFile; fileRef = D7F9645A299E9420005B0E5F /* Assets.xcassets */; };
		D7F9645E299E9420005B0E5F /* Preview Assets.xcassets in Resources */ = {isa = PBXBuildFile; fileRef = D7F9645D299E9420005B0E5F /* Preview Assets.xcassets */; };
		D7F96466299E965D005B0E5F /* Color.swift in Sources */ = {isa = PBXBuildFile; fileRef = D7F96465299E965D005B0E5F /* Color.swift */; };
		D7F9646C299E9CBB005B0E5F /* HomeView.swift in Sources */ = {isa = PBXBuildFile; fileRef = D7F9646B299E9CBB005B0E5F /* HomeView.swift */; };
		D7F96470299E9EAC005B0E5F /* CircleButtonView.swift in Sources */ = {isa = PBXBuildFile; fileRef = D7F9646F299E9EAB005B0E5F /* CircleButtonView.swift */; };
		D7F96472299EA266005B0E5F /* CircleButtonAnimationView.swift in Sources */ = {isa = PBXBuildFile; fileRef = D7F96471299EA266005B0E5F /* CircleButtonAnimationView.swift */; };
		D7F96475299EA5C6005B0E5F /* CoinModel.swift in Sources */ = {isa = PBXBuildFile; fileRef = D7F96474299EA5C6005B0E5F /* CoinModel.swift */; };
		D7F96477299FE59A005B0E5F /* CoinRowView.swift in Sources */ = {isa = PBXBuildFile; fileRef = D7F96476299FE59A005B0E5F /* CoinRowView.swift */; };
		D7F96479299FE60A005B0E5F /* PreviewProvider.swift in Sources */ = {isa = PBXBuildFile; fileRef = D7F96478299FE60A005B0E5F /* PreviewProvider.swift */; };
		D7F9647B299FE9DC005B0E5F /* Double.swift in Sources */ = {isa = PBXBuildFile; fileRef = D7F9647A299FE9DC005B0E5F /* Double.swift */; };
/* End PBXBuildFile section */

/* Begin PBXFileReference section */
		D72D5A7229A3F86E00F5079F /* UIApplication.swift */ = {isa = PBXFileReference; lastKnownFileType = sourcecode.swift; path = UIApplication.swift; sourceTree = "<group>"; };
		D77669A029A3D8B2006199D0 /* CoinImageView.swift */ = {isa = PBXFileReference; lastKnownFileType = sourcecode.swift; path = CoinImageView.swift; sourceTree = "<group>"; };
		D77669A229A3D9F1006199D0 /* CoinImageService.swift */ = {isa = PBXFileReference; lastKnownFileType = sourcecode.swift; path = CoinImageService.swift; sourceTree = "<group>"; };
		D77669A429A3DB5A006199D0 /* CoinImageViewModel.swift */ = {isa = PBXFileReference; lastKnownFileType = sourcecode.swift; path = CoinImageViewModel.swift; sourceTree = "<group>"; };
		D77669A629A3E00B006199D0 /* LocalFileManager.swift */ = {isa = PBXFileReference; lastKnownFileType = sourcecode.swift; path = LocalFileManager.swift; sourceTree = "<group>"; };
		D7B9AB6E29A3E84A00299635 /* SearchBarView.swift */ = {isa = PBXFileReference; lastKnownFileType = sourcecode.swift; path = SearchBarView.swift; sourceTree = "<group>"; };
		D7DD85FC299FF1B900C57A9C /* HomeViewModel.swift */ = {isa = PBXFileReference; lastKnownFileType = sourcecode.swift; path = HomeViewModel.swift; sourceTree = "<group>"; };
		D7DD85FF299FF82600C57A9C /* CoinDataService.swift */ = {isa = PBXFileReference; lastKnownFileType = sourcecode.swift; path = CoinDataService.swift; sourceTree = "<group>"; };
		D7DD860229A000B600C57A9C /* NetworkingManager.swift */ = {isa = PBXFileReference; lastKnownFileType = sourcecode.swift; path = NetworkingManager.swift; sourceTree = "<group>"; };
		D7F96453299E941F005B0E5F /* SwiftUICrypto.app */ = {isa = PBXFileReference; explicitFileType = wrapper.application; includeInIndex = 0; path = SwiftUICrypto.app; sourceTree = BUILT_PRODUCTS_DIR; };
		D7F96456299E941F005B0E5F /* SwiftUICryptoApp.swift */ = {isa = PBXFileReference; lastKnownFileType = sourcecode.swift; path = SwiftUICryptoApp.swift; sourceTree = "<group>"; };
		D7F96458299E941F005B0E5F /* ContentView.swift */ = {isa = PBXFileReference; lastKnownFileType = sourcecode.swift; path = ContentView.swift; sourceTree = "<group>"; };
		D7F9645A299E9420005B0E5F /* Assets.xcassets */ = {isa = PBXFileReference; lastKnownFileType = folder.assetcatalog; path = Assets.xcassets; sourceTree = "<group>"; };
		D7F9645D299E9420005B0E5F /* Preview Assets.xcassets */ = {isa = PBXFileReference; lastKnownFileType = folder.assetcatalog; path = "Preview Assets.xcassets"; sourceTree = "<group>"; };
		D7F96465299E965D005B0E5F /* Color.swift */ = {isa = PBXFileReference; lastKnownFileType = sourcecode.swift; path = Color.swift; sourceTree = "<group>"; };
		D7F9646B299E9CBB005B0E5F /* HomeView.swift */ = {isa = PBXFileReference; lastKnownFileType = sourcecode.swift; path = HomeView.swift; sourceTree = "<group>"; };
		D7F9646F299E9EAB005B0E5F /* CircleButtonView.swift */ = {isa = PBXFileReference; lastKnownFileType = sourcecode.swift; path = CircleButtonView.swift; sourceTree = "<group>"; };
		D7F96471299EA266005B0E5F /* CircleButtonAnimationView.swift */ = {isa = PBXFileReference; lastKnownFileType = sourcecode.swift; path = CircleButtonAnimationView.swift; sourceTree = "<group>"; };
		D7F96474299EA5C6005B0E5F /* CoinModel.swift */ = {isa = PBXFileReference; lastKnownFileType = sourcecode.swift; path = CoinModel.swift; sourceTree = "<group>"; };
		D7F96476299FE59A005B0E5F /* CoinRowView.swift */ = {isa = PBXFileReference; lastKnownFileType = sourcecode.swift; path = CoinRowView.swift; sourceTree = "<group>"; };
		D7F96478299FE60A005B0E5F /* PreviewProvider.swift */ = {isa = PBXFileReference; lastKnownFileType = sourcecode.swift; path = PreviewProvider.swift; sourceTree = "<group>"; };
		D7F9647A299FE9DC005B0E5F /* Double.swift */ = {isa = PBXFileReference; lastKnownFileType = sourcecode.swift; path = Double.swift; sourceTree = "<group>"; };
/* End PBXFileReference section */

/* Begin PBXFrameworksBuildPhase section */
		D7F96450299E941F005B0E5F /* Frameworks */ = {
			isa = PBXFrameworksBuildPhase;
			buildActionMask = 2147483647;
			files = (
			);
			runOnlyForDeploymentPostprocessing = 0;
		};
/* End PBXFrameworksBuildPhase section */

/* Begin PBXGroup section */
		D776699F29A3D89B006199D0 /* CoinImage */ = {
			isa = PBXGroup;
			children = (
				D77669A029A3D8B2006199D0 /* CoinImageView.swift */,
				D77669A429A3DB5A006199D0 /* CoinImageViewModel.swift */,
			);
			path = CoinImage;
			sourceTree = "<group>";
		};
		D7DD85FE299FF7EE00C57A9C /* Services */ = {
			isa = PBXGroup;
			children = (
				D7DD85FF299FF82600C57A9C /* CoinDataService.swift */,
				D77669A229A3D9F1006199D0 /* CoinImageService.swift */,
			);
			path = Services;
			sourceTree = "<group>";
		};
		D7DD860129A0006700C57A9C /* Utilities */ = {
			isa = PBXGroup;
			children = (
				D7DD860229A000B600C57A9C /* NetworkingManager.swift */,
				D77669A629A3E00B006199D0 /* LocalFileManager.swift */,
			);
			path = Utilities;
			sourceTree = "<group>";
		};
		D7F9644A299E941F005B0E5F = {
			isa = PBXGroup;
			children = (
				D7F96455299E941F005B0E5F /* SwiftUICrypto */,
				D7F96454299E941F005B0E5F /* Products */,
			);
			sourceTree = "<group>";
		};
		D7F96454299E941F005B0E5F /* Products */ = {
			isa = PBXGroup;
			children = (
				D7F96453299E941F005B0E5F /* SwiftUICrypto.app */,
			);
			name = Products;
			sourceTree = "<group>";
		};
		D7F96455299E941F005B0E5F /* SwiftUICrypto */ = {
			isa = PBXGroup;
			children = (
				D7F96456299E941F005B0E5F /* SwiftUICryptoApp.swift */,
				D7F96458299E941F005B0E5F /* ContentView.swift */,
				D7F96473299EA5B2005B0E5F /* Models */,
				D7F96467299E9C82005B0E5F /* Core */,
				D7F96464299E9648005B0E5F /* Extensions */,
				D7DD860129A0006700C57A9C /* Utilities */,
				D7DD85FE299FF7EE00C57A9C /* Services */,
				D7F9645A299E9420005B0E5F /* Assets.xcassets */,
				D7F9645C299E9420005B0E5F /* Preview Content */,
			);
			path = SwiftUICrypto;
			sourceTree = "<group>";
		};
		D7F9645C299E9420005B0E5F /* Preview Content */ = {
			isa = PBXGroup;
			children = (
				D7F9645D299E9420005B0E5F /* Preview Assets.xcassets */,
			);
			path = "Preview Content";
			sourceTree = "<group>";
		};
		D7F96464299E9648005B0E5F /* Extensions */ = {
			isa = PBXGroup;
			children = (
				D7F96465299E965D005B0E5F /* Color.swift */,
				D7F96478299FE60A005B0E5F /* PreviewProvider.swift */,
				D7F9647A299FE9DC005B0E5F /* Double.swift */,
				D72D5A7229A3F86E00F5079F /* UIApplication.swift */,
			);
			path = Extensions;
			sourceTree = "<group>";
		};
		D7F96467299E9C82005B0E5F /* Core */ = {
			isa = PBXGroup;
			children = (
				D7F9646D299E9E6D005B0E5F /* Components */,
				D7F96468299E9C94005B0E5F /* Home */,
			);
			path = Core;
			sourceTree = "<group>";
		};
		D7F96468299E9C94005B0E5F /* Home */ = {
			isa = PBXGroup;
			children = (
				D7F9646A299E9CA7005B0E5F /* ViewModels */,
				D7F96469299E9C9E005B0E5F /* View */,
			);
			path = Home;
			sourceTree = "<group>";
		};
		D7F96469299E9C9E005B0E5F /* View */ = {
			isa = PBXGroup;
			children = (
				D7F9646B299E9CBB005B0E5F /* HomeView.swift */,
				D7F96476299FE59A005B0E5F /* CoinRowView.swift */,
			);
			path = View;
			sourceTree = "<group>";
		};
		D7F9646A299E9CA7005B0E5F /* ViewModels */ = {
			isa = PBXGroup;
			children = (
				D7DD85FC299FF1B900C57A9C /* HomeViewModel.swift */,
			);
			path = ViewModels;
			sourceTree = "<group>";
		};
		D7F9646D299E9E6D005B0E5F /* Components */ = {
			isa = PBXGroup;
			children = (
				D776699F29A3D89B006199D0 /* CoinImage */,
				D7F9646E299E9E96005B0E5F /* CircleButton */,
				D7B9AB6E29A3E84A00299635 /* SearchBarView.swift */,
			);
			path = Components;
			sourceTree = "<group>";
		};
		D7F9646E299E9E96005B0E5F /* CircleButton */ = {
			isa = PBXGroup;
			children = (
				D7F9646F299E9EAB005B0E5F /* CircleButtonView.swift */,
				D7F96471299EA266005B0E5F /* CircleButtonAnimationView.swift */,
			);
			path = CircleButton;
			sourceTree = "<group>";
		};
		D7F96473299EA5B2005B0E5F /* Models */ = {
			isa = PBXGroup;
			children = (
				D7F96474299EA5C6005B0E5F /* CoinModel.swift */,
			);
			path = Models;
			sourceTree = "<group>";
		};
/* End PBXGroup section */

/* Begin PBXNativeTarget section */
		D7F96452299E941F005B0E5F /* SwiftUICrypto */ = {
			isa = PBXNativeTarget;
			buildConfigurationList = D7F96461299E9420005B0E5F /* Build configuration list for PBXNativeTarget "SwiftUICrypto" */;
			buildPhases = (
				D7F9644F299E941F005B0E5F /* Sources */,
				D7F96450299E941F005B0E5F /* Frameworks */,
				D7F96451299E941F005B0E5F /* Resources */,
			);
			buildRules = (
			);
			dependencies = (
			);
			name = SwiftUICrypto;
			productName = SwiftUICrypto;
			productReference = D7F96453299E941F005B0E5F /* SwiftUICrypto.app */;
			productType = "com.apple.product-type.application";
		};
/* End PBXNativeTarget section */

/* Begin PBXProject section */
		D7F9644B299E941F005B0E5F /* Project object */ = {
			isa = PBXProject;
			attributes = {
				BuildIndependentTargetsInParallel = 1;
				LastSwiftUpdateCheck = 1420;
				LastUpgradeCheck = 1420;
				TargetAttributes = {
					D7F96452299E941F005B0E5F = {
						CreatedOnToolsVersion = 14.2;
					};
				};
			};
			buildConfigurationList = D7F9644E299E941F005B0E5F /* Build configuration list for PBXProject "SwiftUICrypto" */;
			compatibilityVersion = "Xcode 14.0";
			developmentRegion = en;
			hasScannedForEncodings = 0;
			knownRegions = (
				en,
				Base,
			);
			mainGroup = D7F9644A299E941F005B0E5F;
			productRefGroup = D7F96454299E941F005B0E5F /* Products */;
			projectDirPath = "";
			projectRoot = "";
			targets = (
				D7F96452299E941F005B0E5F /* SwiftUICrypto */,
			);
		};
/* End PBXProject section */

/* Begin PBXResourcesBuildPhase section */
		D7F96451299E941F005B0E5F /* Resources */ = {
			isa = PBXResourcesBuildPhase;
			buildActionMask = 2147483647;
			files = (
				D7F9645E299E9420005B0E5F /* Preview Assets.xcassets in Resources */,
				D7F9645B299E9420005B0E5F /* Assets.xcassets in Resources */,
			);
			runOnlyForDeploymentPostprocessing = 0;
		};
/* End PBXResourcesBuildPhase section */

/* Begin PBXSourcesBuildPhase section */
		D7F9644F299E941F005B0E5F /* Sources */ = {
			isa = PBXSourcesBuildPhase;
			buildActionMask = 2147483647;
			files = (
				D7DD8600299FF82600C57A9C /* CoinDataService.swift in Sources */,
				D7F96477299FE59A005B0E5F /* CoinRowView.swift in Sources */,
				D7DD85FD299FF1B900C57A9C /* HomeViewModel.swift in Sources */,
				D7F96459299E941F005B0E5F /* ContentView.swift in Sources */,
				D77669A729A3E00B006199D0 /* LocalFileManager.swift in Sources */,
				D7F9646C299E9CBB005B0E5F /* HomeView.swift in Sources */,
				D77669A129A3D8B2006199D0 /* CoinImageView.swift in Sources */,
				D7F96457299E941F005B0E5F /* SwiftUICryptoApp.swift in Sources */,
				D72D5A7329A3F86E00F5079F /* UIApplication.swift in Sources */,
				D7F96470299E9EAC005B0E5F /* CircleButtonView.swift in Sources */,
				D7F96466299E965D005B0E5F /* Color.swift in Sources */,
				D7B9AB6F29A3E84A00299635 /* SearchBarView.swift in Sources */,
				D7DD860329A000B600C57A9C /* NetworkingManager.swift in Sources */,
				D7F96472299EA266005B0E5F /* CircleButtonAnimationView.swift in Sources */,
				D77669A529A3DB5A006199D0 /* CoinImageViewModel.swift in Sources */,
				D7F96479299FE60A005B0E5F /* PreviewProvider.swift in Sources */,
				D7F9647B299FE9DC005B0E5F /* Double.swift in Sources */,
				D77669A329A3D9F1006199D0 /* CoinImageService.swift in Sources */,
				D7F96475299EA5C6005B0E5F /* CoinModel.swift in Sources */,
			);
			runOnlyForDeploymentPostprocessing = 0;
		};
/* End PBXSourcesBuildPhase section */

/* Begin XCBuildConfiguration section */
		D7F9645F299E9420005B0E5F /* Debug */ = {
			isa = XCBuildConfiguration;
			buildSettings = {
				ALWAYS_SEARCH_USER_PATHS = NO;
				CLANG_ANALYZER_NONNULL = YES;
				CLANG_ANALYZER_NUMBER_OBJECT_CONVERSION = YES_AGGRESSIVE;
				CLANG_CXX_LANGUAGE_STANDARD = "gnu++20";
				CLANG_ENABLE_MODULES = YES;
				CLANG_ENABLE_OBJC_ARC = YES;
				CLANG_ENABLE_OBJC_WEAK = YES;
				CLANG_WARN_BLOCK_CAPTURE_AUTORELEASING = YES;
				CLANG_WARN_BOOL_CONVERSION = YES;
				CLANG_WARN_COMMA = YES;
				CLANG_WARN_CONSTANT_CONVERSION = YES;
				CLANG_WARN_DEPRECATED_OBJC_IMPLEMENTATIONS = YES;
				CLANG_WARN_DIRECT_OBJC_ISA_USAGE = YES_ERROR;
				CLANG_WARN_DOCUMENTATION_COMMENTS = YES;
				CLANG_WARN_EMPTY_BODY = YES;
				CLANG_WARN_ENUM_CONVERSION = YES;
				CLANG_WARN_INFINITE_RECURSION = YES;
				CLANG_WARN_INT_CONVERSION = YES;
				CLANG_WARN_NON_LITERAL_NULL_CONVERSION = YES;
				CLANG_WARN_OBJC_IMPLICIT_RETAIN_SELF = YES;
				CLANG_WARN_OBJC_LITERAL_CONVERSION = YES;
				CLANG_WARN_OBJC_ROOT_CLASS = YES_ERROR;
				CLANG_WARN_QUOTED_INCLUDE_IN_FRAMEWORK_HEADER = YES;
				CLANG_WARN_RANGE_LOOP_ANALYSIS = YES;
				CLANG_WARN_STRICT_PROTOTYPES = YES;
				CLANG_WARN_SUSPICIOUS_MOVE = YES;
				CLANG_WARN_UNGUARDED_AVAILABILITY = YES_AGGRESSIVE;
				CLANG_WARN_UNREACHABLE_CODE = YES;
				CLANG_WARN__DUPLICATE_METHOD_MATCH = YES;
				COPY_PHASE_STRIP = NO;
				DEBUG_INFORMATION_FORMAT = dwarf;
				ENABLE_STRICT_OBJC_MSGSEND = YES;
				ENABLE_TESTABILITY = YES;
				GCC_C_LANGUAGE_STANDARD = gnu11;
				GCC_DYNAMIC_NO_PIC = NO;
				GCC_NO_COMMON_BLOCKS = YES;
				GCC_OPTIMIZATION_LEVEL = 0;
				GCC_PREPROCESSOR_DEFINITIONS = (
					"DEBUG=1",
					"$(inherited)",
				);
				GCC_WARN_64_TO_32_BIT_CONVERSION = YES;
				GCC_WARN_ABOUT_RETURN_TYPE = YES_ERROR;
				GCC_WARN_UNDECLARED_SELECTOR = YES;
				GCC_WARN_UNINITIALIZED_AUTOS = YES_AGGRESSIVE;
				GCC_WARN_UNUSED_FUNCTION = YES;
				GCC_WARN_UNUSED_VARIABLE = YES;
				IPHONEOS_DEPLOYMENT_TARGET = 16.2;
				MTL_ENABLE_DEBUG_INFO = INCLUDE_SOURCE;
				MTL_FAST_MATH = YES;
				ONLY_ACTIVE_ARCH = YES;
				SDKROOT = iphoneos;
				SWIFT_ACTIVE_COMPILATION_CONDITIONS = DEBUG;
				SWIFT_OPTIMIZATION_LEVEL = "-Onone";
			};
			name = Debug;
		};
		D7F96460299E9420005B0E5F /* Release */ = {
			isa = XCBuildConfiguration;
			buildSettings = {
				ALWAYS_SEARCH_USER_PATHS = NO;
				CLANG_ANALYZER_NONNULL = YES;
				CLANG_ANALYZER_NUMBER_OBJECT_CONVERSION = YES_AGGRESSIVE;
				CLANG_CXX_LANGUAGE_STANDARD = "gnu++20";
				CLANG_ENABLE_MODULES = YES;
				CLANG_ENABLE_OBJC_ARC = YES;
				CLANG_ENABLE_OBJC_WEAK = YES;
				CLANG_WARN_BLOCK_CAPTURE_AUTORELEASING = YES;
				CLANG_WARN_BOOL_CONVERSION = YES;
				CLANG_WARN_COMMA = YES;
				CLANG_WARN_CONSTANT_CONVERSION = YES;
				CLANG_WARN_DEPRECATED_OBJC_IMPLEMENTATIONS = YES;
				CLANG_WARN_DIRECT_OBJC_ISA_USAGE = YES_ERROR;
				CLANG_WARN_DOCUMENTATION_COMMENTS = YES;
				CLANG_WARN_EMPTY_BODY = YES;
				CLANG_WARN_ENUM_CONVERSION = YES;
				CLANG_WARN_INFINITE_RECURSION = YES;
				CLANG_WARN_INT_CONVERSION = YES;
				CLANG_WARN_NON_LITERAL_NULL_CONVERSION = YES;
				CLANG_WARN_OBJC_IMPLICIT_RETAIN_SELF = YES;
				CLANG_WARN_OBJC_LITERAL_CONVERSION = YES;
				CLANG_WARN_OBJC_ROOT_CLASS = YES_ERROR;
				CLANG_WARN_QUOTED_INCLUDE_IN_FRAMEWORK_HEADER = YES;
				CLANG_WARN_RANGE_LOOP_ANALYSIS = YES;
				CLANG_WARN_STRICT_PROTOTYPES = YES;
				CLANG_WARN_SUSPICIOUS_MOVE = YES;
				CLANG_WARN_UNGUARDED_AVAILABILITY = YES_AGGRESSIVE;
				CLANG_WARN_UNREACHABLE_CODE = YES;
				CLANG_WARN__DUPLICATE_METHOD_MATCH = YES;
				COPY_PHASE_STRIP = NO;
				DEBUG_INFORMATION_FORMAT = "dwarf-with-dsym";
				ENABLE_NS_ASSERTIONS = NO;
				ENABLE_STRICT_OBJC_MSGSEND = YES;
				GCC_C_LANGUAGE_STANDARD = gnu11;
				GCC_NO_COMMON_BLOCKS = YES;
				GCC_WARN_64_TO_32_BIT_CONVERSION = YES;
				GCC_WARN_ABOUT_RETURN_TYPE = YES_ERROR;
				GCC_WARN_UNDECLARED_SELECTOR = YES;
				GCC_WARN_UNINITIALIZED_AUTOS = YES_AGGRESSIVE;
				GCC_WARN_UNUSED_FUNCTION = YES;
				GCC_WARN_UNUSED_VARIABLE = YES;
				IPHONEOS_DEPLOYMENT_TARGET = 16.2;
				MTL_ENABLE_DEBUG_INFO = NO;
				MTL_FAST_MATH = YES;
				SDKROOT = iphoneos;
				SWIFT_COMPILATION_MODE = wholemodule;
				SWIFT_OPTIMIZATION_LEVEL = "-O";
				VALIDATE_PRODUCT = YES;
			};
			name = Release;
		};
		D7F96462299E9420005B0E5F /* Debug */ = {
			isa = XCBuildConfiguration;
			buildSettings = {
				ASSETCATALOG_COMPILER_APPICON_NAME = AppIcon;
				ASSETCATALOG_COMPILER_GLOBAL_ACCENT_COLOR_NAME = AccentColor;
				CODE_SIGN_STYLE = Automatic;
				CURRENT_PROJECT_VERSION = 1;
				DEVELOPMENT_ASSET_PATHS = "\"SwiftUICrypto/Preview Content\"";
				DEVELOPMENT_TEAM = VSKGBUN95U;
				ENABLE_PREVIEWS = YES;
				GENERATE_INFOPLIST_FILE = YES;
				INFOPLIST_KEY_UIApplicationSceneManifest_Generation = YES;
				INFOPLIST_KEY_UIApplicationSupportsIndirectInputEvents = YES;
				INFOPLIST_KEY_UILaunchScreen_Generation = YES;
				INFOPLIST_KEY_UISupportedInterfaceOrientations_iPad = "UIInterfaceOrientationPortrait UIInterfaceOrientationPortraitUpsideDown UIInterfaceOrientationLandscapeLeft UIInterfaceOrientationLandscapeRight";
				INFOPLIST_KEY_UISupportedInterfaceOrientations_iPhone = "UIInterfaceOrientationPortrait UIInterfaceOrientationLandscapeLeft UIInterfaceOrientationLandscapeRight";
				LD_RUNPATH_SEARCH_PATHS = (
					"$(inherited)",
					"@executable_path/Frameworks",
				);
				MARKETING_VERSION = 1.0;
				PRODUCT_BUNDLE_IDENTIFIER = com.lwmok222.SwiftUICrypto;
				PRODUCT_NAME = "$(TARGET_NAME)";
				SWIFT_EMIT_LOC_STRINGS = YES;
				SWIFT_VERSION = 5.0;
				TARGETED_DEVICE_FAMILY = "1,2";
			};
			name = Debug;
		};
		D7F96463299E9420005B0E5F /* Release */ = {
			isa = XCBuildConfiguration;
			buildSettings = {
				ASSETCATALOG_COMPILER_APPICON_NAME = AppIcon;
				ASSETCATALOG_COMPILER_GLOBAL_ACCENT_COLOR_NAME = AccentColor;
				CODE_SIGN_STYLE = Automatic;
				CURRENT_PROJECT_VERSION = 1;
				DEVELOPMENT_ASSET_PATHS = "\"SwiftUICrypto/Preview Content\"";
				DEVELOPMENT_TEAM = VSKGBUN95U;
				ENABLE_PREVIEWS = YES;
				GENERATE_INFOPLIST_FILE = YES;
				INFOPLIST_KEY_UIApplicationSceneManifest_Generation = YES;
				INFOPLIST_KEY_UIApplicationSupportsIndirectInputEvents = YES;
				INFOPLIST_KEY_UILaunchScreen_Generation = YES;
				INFOPLIST_KEY_UISupportedInterfaceOrientations_iPad = "UIInterfaceOrientationPortrait UIInterfaceOrientationPortraitUpsideDown UIInterfaceOrientationLandscapeLeft UIInterfaceOrientationLandscapeRight";
				INFOPLIST_KEY_UISupportedInterfaceOrientations_iPhone = "UIInterfaceOrientationPortrait UIInterfaceOrientationLandscapeLeft UIInterfaceOrientationLandscapeRight";
				LD_RUNPATH_SEARCH_PATHS = (
					"$(inherited)",
					"@executable_path/Frameworks",
				);
				MARKETING_VERSION = 1.0;
				PRODUCT_BUNDLE_IDENTIFIER = com.lwmok222.SwiftUICrypto;
				PRODUCT_NAME = "$(TARGET_NAME)";
				SWIFT_EMIT_LOC_STRINGS = YES;
				SWIFT_VERSION = 5.0;
				TARGETED_DEVICE_FAMILY = "1,2";
			};
			name = Release;
		};
/* End XCBuildConfiguration section */

/* Begin XCConfigurationList section */
		D7F9644E299E941F005B0E5F /* Build configuration list for PBXProject "SwiftUICrypto" */ = {
			isa = XCConfigurationList;
			buildConfigurations = (
				D7F9645F299E9420005B0E5F /* Debug */,
				D7F96460299E9420005B0E5F /* Release */,
			);
			defaultConfigurationIsVisible = 0;
			defaultConfigurationName = Release;
		};
		D7F96461299E9420005B0E5F /* Build configuration list for PBXNativeTarget "SwiftUICrypto" */ = {
			isa = XCConfigurationList;
			buildConfigurations = (
				D7F96462299E9420005B0E5F /* Debug */,
				D7F96463299E9420005B0E5F /* Release */,
			);
			defaultConfigurationIsVisible = 0;
			defaultConfigurationName = Release;
		};
/* End XCConfigurationList section */
	};
	rootObject = D7F9644B299E941F005B0E5F /* Project object */;
}
